// !$*UTF8*$!
{
	archiveVersion = 1;
	classes = {
	};
	objectVersion = 56;
	objects = {

/* Begin PBXBuildFile section */
		D44892B32BC7092700612B91 /* TabViewTest.swift in Sources */ = {isa = PBXBuildFile; fileRef = D44892B22BC7092700612B91 /* TabViewTest.swift */; };
		D44892B52BC71A9A00612B91 /* ResultViewTest.swift in Sources */ = {isa = PBXBuildFile; fileRef = D44892B42BC71A9A00612B91 /* ResultViewTest.swift */; };
		D44892B82BC7664900612B91 /* ImageViewTest.swift in Sources */ = {isa = PBXBuildFile; fileRef = D44892B72BC7664900612B91 /* ImageViewTest.swift */; };
		D4564AC62BC897C200CB4477 /* ContentView.swift in Sources */ = {isa = PBXBuildFile; fileRef = D4564AC52BC897C200CB4477 /* ContentView.swift */; };
		D4564AC82BC8A4FD00CB4477 /* ProspectsView.swift in Sources */ = {isa = PBXBuildFile; fileRef = D4564AC72BC8A4FD00CB4477 /* ProspectsView.swift */; };
		D4564ACA2BC8A50F00CB4477 /* MeView.swift in Sources */ = {isa = PBXBuildFile; fileRef = D4564AC92BC8A50F00CB4477 /* MeView.swift */; };
		D4C8F9422BC6FA1800133693 /* HotProspectsApp.swift in Sources */ = {isa = PBXBuildFile; fileRef = D4C8F9412BC6FA1800133693 /* HotProspectsApp.swift */; };
		D4C8F9442BC6FA1800133693 /* NotificationViewTest.swift in Sources */ = {isa = PBXBuildFile; fileRef = D4C8F9432BC6FA1800133693 /* NotificationViewTest.swift */; };
		D4C8F9462BC6FA1A00133693 /* Assets.xcassets in Resources */ = {isa = PBXBuildFile; fileRef = D4C8F9452BC6FA1A00133693 /* Assets.xcassets */; };
		D4C8F9492BC6FA1A00133693 /* Preview Assets.xcassets in Resources */ = {isa = PBXBuildFile; fileRef = D4C8F9482BC6FA1A00133693 /* Preview Assets.xcassets */; };
		D4D70DE22BC87BE70065FCAC /* ContextMenuViewTest.swift in Sources */ = {isa = PBXBuildFile; fileRef = D4D70DE12BC87BE70065FCAC /* ContextMenuViewTest.swift */; };
		D4D70DE42BC88EE90065FCAC /* PackagesViewTest.swift in Sources */ = {isa = PBXBuildFile; fileRef = D4D70DE32BC88EE90065FCAC /* PackagesViewTest.swift */; };
		D4D70DE72BC88F890065FCAC /* SamplePackage in Frameworks */ = {isa = PBXBuildFile; productRef = D4D70DE62BC88F890065FCAC /* SamplePackage */; };
/* End PBXBuildFile section */

/* Begin PBXFileReference section */
		D44892B22BC7092700612B91 /* TabViewTest.swift */ = {isa = PBXFileReference; lastKnownFileType = sourcecode.swift; path = TabViewTest.swift; sourceTree = "<group>"; };
		D44892B42BC71A9A00612B91 /* ResultViewTest.swift */ = {isa = PBXFileReference; lastKnownFileType = sourcecode.swift; path = ResultViewTest.swift; sourceTree = "<group>"; };
		D44892B72BC7664900612B91 /* ImageViewTest.swift */ = {isa = PBXFileReference; lastKnownFileType = sourcecode.swift; path = ImageViewTest.swift; sourceTree = "<group>"; };
		D4564AC52BC897C200CB4477 /* ContentView.swift */ = {isa = PBXFileReference; lastKnownFileType = sourcecode.swift; path = ContentView.swift; sourceTree = "<group>"; };
		D4564AC72BC8A4FD00CB4477 /* ProspectsView.swift */ = {isa = PBXFileReference; lastKnownFileType = sourcecode.swift; path = ProspectsView.swift; sourceTree = "<group>"; };
		D4564AC92BC8A50F00CB4477 /* MeView.swift */ = {isa = PBXFileReference; lastKnownFileType = sourcecode.swift; path = MeView.swift; sourceTree = "<group>"; };
		D4C8F93E2BC6FA1800133693 /* HotProspects.app */ = {isa = PBXFileReference; explicitFileType = wrapper.application; includeInIndex = 0; path = HotProspects.app; sourceTree = BUILT_PRODUCTS_DIR; };
		D4C8F9412BC6FA1800133693 /* HotProspectsApp.swift */ = {isa = PBXFileReference; lastKnownFileType = sourcecode.swift; path = HotProspectsApp.swift; sourceTree = "<group>"; };
		D4C8F9432BC6FA1800133693 /* NotificationViewTest.swift */ = {isa = PBXFileReference; lastKnownFileType = sourcecode.swift; path = NotificationViewTest.swift; sourceTree = "<group>"; };
		D4C8F9452BC6FA1A00133693 /* Assets.xcassets */ = {isa = PBXFileReference; lastKnownFileType = folder.assetcatalog; path = Assets.xcassets; sourceTree = "<group>"; };
		D4C8F9482BC6FA1A00133693 /* Preview Assets.xcassets */ = {isa = PBXFileReference; lastKnownFileType = folder.assetcatalog; path = "Preview Assets.xcassets"; sourceTree = "<group>"; };
		D4D70DE12BC87BE70065FCAC /* ContextMenuViewTest.swift */ = {isa = PBXFileReference; lastKnownFileType = sourcecode.swift; path = ContextMenuViewTest.swift; sourceTree = "<group>"; };
		D4D70DE32BC88EE90065FCAC /* PackagesViewTest.swift */ = {isa = PBXFileReference; lastKnownFileType = sourcecode.swift; path = PackagesViewTest.swift; sourceTree = "<group>"; };
/* End PBXFileReference section */

/* Begin PBXFrameworksBuildPhase section */
		D4C8F93B2BC6FA1800133693 /* Frameworks */ = {
			isa = PBXFrameworksBuildPhase;
			buildActionMask = 2147483647;
			files = (
				D4D70DE72BC88F890065FCAC /* SamplePackage in Frameworks */,
			);
			runOnlyForDeploymentPostprocessing = 0;
		};
/* End PBXFrameworksBuildPhase section */

/* Begin PBXGroup section */
		D44892B62BC7495800612B91 /* Practice */ = {
			isa = PBXGroup;
			children = (
				D4D70DE32BC88EE90065FCAC /* PackagesViewTest.swift */,
				D4C8F9432BC6FA1800133693 /* NotificationViewTest.swift */,
				D44892B22BC7092700612B91 /* TabViewTest.swift */,
				D44892B42BC71A9A00612B91 /* ResultViewTest.swift */,
				D44892B72BC7664900612B91 /* ImageViewTest.swift */,
				D4D70DE12BC87BE70065FCAC /* ContextMenuViewTest.swift */,
			);
			path = Practice;
			sourceTree = "<group>";
		};
		D4C8F9352BC6FA1800133693 = {
			isa = PBXGroup;
			children = (
				D4C8F9402BC6FA1800133693 /* HotProspects */,
				D4C8F93F2BC6FA1800133693 /* Products */,
			);
			sourceTree = "<group>";
		};
		D4C8F93F2BC6FA1800133693 /* Products */ = {
			isa = PBXGroup;
			children = (
				D4C8F93E2BC6FA1800133693 /* HotProspects.app */,
			);
			name = Products;
			sourceTree = "<group>";
		};
		D4C8F9402BC6FA1800133693 /* HotProspects */ = {
			isa = PBXGroup;
			children = (
				D4C8F9412BC6FA1800133693 /* HotProspectsApp.swift */,
				D4564AC52BC897C200CB4477 /* ContentView.swift */,
				D4564AC72BC8A4FD00CB4477 /* ProspectsView.swift */,
				D4564AC92BC8A50F00CB4477 /* MeView.swift */,
				D4C8F9452BC6FA1A00133693 /* Assets.xcassets */,
				D4C8F9472BC6FA1A00133693 /* Preview Content */,
				D44892B62BC7495800612B91 /* Practice */,
			);
			path = HotProspects;
			sourceTree = "<group>";
		};
		D4C8F9472BC6FA1A00133693 /* Preview Content */ = {
			isa = PBXGroup;
			children = (
				D4C8F9482BC6FA1A00133693 /* Preview Assets.xcassets */,
			);
			path = "Preview Content";
			sourceTree = "<group>";
		};
/* End PBXGroup section */

/* Begin PBXNativeTarget section */
		D4C8F93D2BC6FA1800133693 /* HotProspects */ = {
			isa = PBXNativeTarget;
			buildConfigurationList = D4C8F94C2BC6FA1A00133693 /* Build configuration list for PBXNativeTarget "HotProspects" */;
			buildPhases = (
				D4C8F93A2BC6FA1800133693 /* Sources */,
				D4C8F93B2BC6FA1800133693 /* Frameworks */,
				D4C8F93C2BC6FA1800133693 /* Resources */,
			);
			buildRules = (
			);
			dependencies = (
			);
			name = HotProspects;
			packageProductDependencies = (
				D4D70DE62BC88F890065FCAC /* SamplePackage */,
			);
			productName = HotProspects;
			productReference = D4C8F93E2BC6FA1800133693 /* HotProspects.app */;
			productType = "com.apple.product-type.application";
		};
/* End PBXNativeTarget section */

/* Begin PBXProject section */
		D4C8F9362BC6FA1800133693 /* Project object */ = {
			isa = PBXProject;
			attributes = {
				BuildIndependentTargetsInParallel = 1;
				LastSwiftUpdateCheck = 1530;
				LastUpgradeCheck = 1530;
				TargetAttributes = {
					D4C8F93D2BC6FA1800133693 = {
						CreatedOnToolsVersion = 15.3;
					};
				};
			};
			buildConfigurationList = D4C8F9392BC6FA1800133693 /* Build configuration list for PBXProject "HotProspects" */;
			compatibilityVersion = "Xcode 14.0";
			developmentRegion = en;
			hasScannedForEncodings = 0;
			knownRegions = (
				en,
				Base,
			);
			mainGroup = D4C8F9352BC6FA1800133693;
			packageReferences = (
				D4D70DE52BC88F890065FCAC /* XCRemoteSwiftPackageReference "SamplePackage" */,
			);
			productRefGroup = D4C8F93F2BC6FA1800133693 /* Products */;
			projectDirPath = "";
			projectRoot = "";
			targets = (
				D4C8F93D2BC6FA1800133693 /* HotProspects */,
			);
		};
/* End PBXProject section */

/* Begin PBXResourcesBuildPhase section */
		D4C8F93C2BC6FA1800133693 /* Resources */ = {
			isa = PBXResourcesBuildPhase;
			buildActionMask = 2147483647;
			files = (
				D4C8F9492BC6FA1A00133693 /* Preview Assets.xcassets in Resources */,
				D4C8F9462BC6FA1A00133693 /* Assets.xcassets in Resources */,
			);
			runOnlyForDeploymentPostprocessing = 0;
		};
/* End PBXResourcesBuildPhase section */

/* Begin PBXSourcesBuildPhase section */
		D4C8F93A2BC6FA1800133693 /* Sources */ = {
			isa = PBXSourcesBuildPhase;
			buildActionMask = 2147483647;
			files = (
				D44892B32BC7092700612B91 /* TabViewTest.swift in Sources */,
				D4D70DE22BC87BE70065FCAC /* ContextMenuViewTest.swift in Sources */,
				D4564AC62BC897C200CB4477 /* ContentView.swift in Sources */,
				D4564AC82BC8A4FD00CB4477 /* ProspectsView.swift in Sources */,
				D4564ACA2BC8A50F00CB4477 /* MeView.swift in Sources */,
				D4D70DE42BC88EE90065FCAC /* PackagesViewTest.swift in Sources */,
				D44892B52BC71A9A00612B91 /* ResultViewTest.swift in Sources */,
				D4C8F9442BC6FA1800133693 /* NotificationViewTest.swift in Sources */,
				D4C8F9422BC6FA1800133693 /* HotProspectsApp.swift in Sources */,
				D44892B82BC7664900612B91 /* ImageViewTest.swift in Sources */,
			);
			runOnlyForDeploymentPostprocessing = 0;
		};
/* End PBXSourcesBuildPhase section */

/* Begin XCBuildConfiguration section */
		D4C8F94A2BC6FA1A00133693 /* Debug */ = {
			isa = XCBuildConfiguration;
			buildSettings = {
				ALWAYS_SEARCH_USER_PATHS = NO;
				ASSETCATALOG_COMPILER_GENERATE_SWIFT_ASSET_SYMBOL_EXTENSIONS = YES;
				CLANG_ANALYZER_NONNULL = YES;
				CLANG_ANALYZER_NUMBER_OBJECT_CONVERSION = YES_AGGRESSIVE;
				CLANG_CXX_LANGUAGE_STANDARD = "gnu++20";
				CLANG_ENABLE_MODULES = YES;
				CLANG_ENABLE_OBJC_ARC = YES;
				CLANG_ENABLE_OBJC_WEAK = YES;
				CLANG_WARN_BLOCK_CAPTURE_AUTORELEASING = YES;
				CLANG_WARN_BOOL_CONVERSION = YES;
				CLANG_WARN_COMMA = YES;
				CLANG_WARN_CONSTANT_CONVERSION = YES;
				CLANG_WARN_DEPRECATED_OBJC_IMPLEMENTATIONS = YES;
				CLANG_WARN_DIRECT_OBJC_ISA_USAGE = YES_ERROR;
				CLANG_WARN_DOCUMENTATION_COMMENTS = YES;
				CLANG_WARN_EMPTY_BODY = YES;
				CLANG_WARN_ENUM_CONVERSION = YES;
				CLANG_WARN_INFINITE_RECURSION = YES;
				CLANG_WARN_INT_CONVERSION = YES;
				CLANG_WARN_NON_LITERAL_NULL_CONVERSION = YES;
				CLANG_WARN_OBJC_IMPLICIT_RETAIN_SELF = YES;
				CLANG_WARN_OBJC_LITERAL_CONVERSION = YES;
				CLANG_WARN_OBJC_ROOT_CLASS = YES_ERROR;
				CLANG_WARN_QUOTED_INCLUDE_IN_FRAMEWORK_HEADER = YES;
				CLANG_WARN_RANGE_LOOP_ANALYSIS = YES;
				CLANG_WARN_STRICT_PROTOTYPES = YES;
				CLANG_WARN_SUSPICIOUS_MOVE = YES;
				CLANG_WARN_UNGUARDED_AVAILABILITY = YES_AGGRESSIVE;
				CLANG_WARN_UNREACHABLE_CODE = YES;
				CLANG_WARN__DUPLICATE_METHOD_MATCH = YES;
				COPY_PHASE_STRIP = NO;
				DEBUG_INFORMATION_FORMAT = dwarf;
				ENABLE_STRICT_OBJC_MSGSEND = YES;
				ENABLE_TESTABILITY = YES;
				ENABLE_USER_SCRIPT_SANDBOXING = YES;
				GCC_C_LANGUAGE_STANDARD = gnu17;
				GCC_DYNAMIC_NO_PIC = NO;
				GCC_NO_COMMON_BLOCKS = YES;
				GCC_OPTIMIZATION_LEVEL = 0;
				GCC_PREPROCESSOR_DEFINITIONS = (
					"DEBUG=1",
					"$(inherited)",
				);
				GCC_WARN_64_TO_32_BIT_CONVERSION = YES;
				GCC_WARN_ABOUT_RETURN_TYPE = YES_ERROR;
				GCC_WARN_UNDECLARED_SELECTOR = YES;
				GCC_WARN_UNINITIALIZED_AUTOS = YES_AGGRESSIVE;
				GCC_WARN_UNUSED_FUNCTION = YES;
				GCC_WARN_UNUSED_VARIABLE = YES;
				IPHONEOS_DEPLOYMENT_TARGET = 17.4;
				LOCALIZATION_PREFERS_STRING_CATALOGS = YES;
				MTL_ENABLE_DEBUG_INFO = INCLUDE_SOURCE;
				MTL_FAST_MATH = YES;
				ONLY_ACTIVE_ARCH = YES;
				SDKROOT = iphoneos;
				SWIFT_ACTIVE_COMPILATION_CONDITIONS = "DEBUG $(inherited)";
				SWIFT_OPTIMIZATION_LEVEL = "-Onone";
			};
			name = Debug;
		};
		D4C8F94B2BC6FA1A00133693 /* Release */ = {
			isa = XCBuildConfiguration;
			buildSettings = {
				ALWAYS_SEARCH_USER_PATHS = NO;
				ASSETCATALOG_COMPILER_GENERATE_SWIFT_ASSET_SYMBOL_EXTENSIONS = YES;
				CLANG_ANALYZER_NONNULL = YES;
				CLANG_ANALYZER_NUMBER_OBJECT_CONVERSION = YES_AGGRESSIVE;
				CLANG_CXX_LANGUAGE_STANDARD = "gnu++20";
				CLANG_ENABLE_MODULES = YES;
				CLANG_ENABLE_OBJC_ARC = YES;
				CLANG_ENABLE_OBJC_WEAK = YES;
				CLANG_WARN_BLOCK_CAPTURE_AUTORELEASING = YES;
				CLANG_WARN_BOOL_CONVERSION = YES;
				CLANG_WARN_COMMA = YES;
				CLANG_WARN_CONSTANT_CONVERSION = YES;
				CLANG_WARN_DEPRECATED_OBJC_IMPLEMENTATIONS = YES;
				CLANG_WARN_DIRECT_OBJC_ISA_USAGE = YES_ERROR;
				CLANG_WARN_DOCUMENTATION_COMMENTS = YES;
				CLANG_WARN_EMPTY_BODY = YES;
				CLANG_WARN_ENUM_CONVERSION = YES;
				CLANG_WARN_INFINITE_RECURSION = YES;
				CLANG_WARN_INT_CONVERSION = YES;
				CLANG_WARN_NON_LITERAL_NULL_CONVERSION = YES;
				CLANG_WARN_OBJC_IMPLICIT_RETAIN_SELF = YES;
				CLANG_WARN_OBJC_LITERAL_CONVERSION = YES;
				CLANG_WARN_OBJC_ROOT_CLASS = YES_ERROR;
				CLANG_WARN_QUOTED_INCLUDE_IN_FRAMEWORK_HEADER = YES;
				CLANG_WARN_RANGE_LOOP_ANALYSIS = YES;
				CLANG_WARN_STRICT_PROTOTYPES = YES;
				CLANG_WARN_SUSPICIOUS_MOVE = YES;
				CLANG_WARN_UNGUARDED_AVAILABILITY = YES_AGGRESSIVE;
				CLANG_WARN_UNREACHABLE_CODE = YES;
				CLANG_WARN__DUPLICATE_METHOD_MATCH = YES;
				COPY_PHASE_STRIP = NO;
				DEBUG_INFORMATION_FORMAT = "dwarf-with-dsym";
				ENABLE_NS_ASSERTIONS = NO;
				ENABLE_STRICT_OBJC_MSGSEND = YES;
				ENABLE_USER_SCRIPT_SANDBOXING = YES;
				GCC_C_LANGUAGE_STANDARD = gnu17;
				GCC_NO_COMMON_BLOCKS = YES;
				GCC_WARN_64_TO_32_BIT_CONVERSION = YES;
				GCC_WARN_ABOUT_RETURN_TYPE = YES_ERROR;
				GCC_WARN_UNDECLARED_SELECTOR = YES;
				GCC_WARN_UNINITIALIZED_AUTOS = YES_AGGRESSIVE;
				GCC_WARN_UNUSED_FUNCTION = YES;
				GCC_WARN_UNUSED_VARIABLE = YES;
				IPHONEOS_DEPLOYMENT_TARGET = 17.4;
				LOCALIZATION_PREFERS_STRING_CATALOGS = YES;
				MTL_ENABLE_DEBUG_INFO = NO;
				MTL_FAST_MATH = YES;
				SDKROOT = iphoneos;
				SWIFT_COMPILATION_MODE = wholemodule;
				VALIDATE_PRODUCT = YES;
			};
			name = Release;
		};
		D4C8F94D2BC6FA1A00133693 /* Debug */ = {
			isa = XCBuildConfiguration;
			buildSettings = {
				ASSETCATALOG_COMPILER_APPICON_NAME = AppIcon;
				ASSETCATALOG_COMPILER_GLOBAL_ACCENT_COLOR_NAME = AccentColor;
				CODE_SIGN_STYLE = Automatic;
				CURRENT_PROJECT_VERSION = 1;
				DEVELOPMENT_ASSET_PATHS = "\"HotProspects/Preview Content\"";
				DEVELOPMENT_TEAM = 47E3RRLYKE;
				ENABLE_PREVIEWS = YES;
				GENERATE_INFOPLIST_FILE = YES;
				INFOPLIST_KEY_UIApplicationSceneManifest_Generation = YES;
				INFOPLIST_KEY_UIApplicationSupportsIndirectInputEvents = YES;
				INFOPLIST_KEY_UILaunchScreen_Generation = YES;
				INFOPLIST_KEY_UISupportedInterfaceOrientations_iPad = "UIInterfaceOrientationPortrait UIInterfaceOrientationPortraitUpsideDown UIInterfaceOrientationLandscapeLeft UIInterfaceOrientationLandscapeRight";
				INFOPLIST_KEY_UISupportedInterfaceOrientations_iPhone = "UIInterfaceOrientationPortrait UIInterfaceOrientationLandscapeLeft UIInterfaceOrientationLandscapeRight";
				LD_RUNPATH_SEARCH_PATHS = (
					"$(inherited)",
					"@executable_path/Frameworks",
				);
				MARKETING_VERSION = 1.0;
				PRODUCT_BUNDLE_IDENTIFIER = com.emiyaconsulting.HotProspects;
				PRODUCT_NAME = "$(TARGET_NAME)";
				SWIFT_EMIT_LOC_STRINGS = YES;
				SWIFT_VERSION = 5.0;
				TARGETED_DEVICE_FAMILY = "1,2";
			};
			name = Debug;
		};
		D4C8F94E2BC6FA1A00133693 /* Release */ = {
			isa = XCBuildConfiguration;
			buildSettings = {
				ASSETCATALOG_COMPILER_APPICON_NAME = AppIcon;
				ASSETCATALOG_COMPILER_GLOBAL_ACCENT_COLOR_NAME = AccentColor;
				CODE_SIGN_STYLE = Automatic;
				CURRENT_PROJECT_VERSION = 1;
				DEVELOPMENT_ASSET_PATHS = "\"HotProspects/Preview Content\"";
				DEVELOPMENT_TEAM = 47E3RRLYKE;
				ENABLE_PREVIEWS = YES;
				GENERATE_INFOPLIST_FILE = YES;
				INFOPLIST_KEY_UIApplicationSceneManifest_Generation = YES;
				INFOPLIST_KEY_UIApplicationSupportsIndirectInputEvents = YES;
				INFOPLIST_KEY_UILaunchScreen_Generation = YES;
				INFOPLIST_KEY_UISupportedInterfaceOrientations_iPad = "UIInterfaceOrientationPortrait UIInterfaceOrientationPortraitUpsideDown UIInterfaceOrientationLandscapeLeft UIInterfaceOrientationLandscapeRight";
				INFOPLIST_KEY_UISupportedInterfaceOrientations_iPhone = "UIInterfaceOrientationPortrait UIInterfaceOrientationLandscapeLeft UIInterfaceOrientationLandscapeRight";
				LD_RUNPATH_SEARCH_PATHS = (
					"$(inherited)",
					"@executable_path/Frameworks",
				);
				MARKETING_VERSION = 1.0;
				PRODUCT_BUNDLE_IDENTIFIER = com.emiyaconsulting.HotProspects;
				PRODUCT_NAME = "$(TARGET_NAME)";
				SWIFT_EMIT_LOC_STRINGS = YES;
				SWIFT_VERSION = 5.0;
				TARGETED_DEVICE_FAMILY = "1,2";
			};
			name = Release;
		};
/* End XCBuildConfiguration section */

/* Begin XCConfigurationList section */
		D4C8F9392BC6FA1800133693 /* Build configuration list for PBXProject "HotProspects" */ = {
			isa = XCConfigurationList;
			buildConfigurations = (
				D4C8F94A2BC6FA1A00133693 /* Debug */,
				D4C8F94B2BC6FA1A00133693 /* Release */,
			);
			defaultConfigurationIsVisible = 0;
			defaultConfigurationName = Release;
		};
		D4C8F94C2BC6FA1A00133693 /* Build configuration list for PBXNativeTarget "HotProspects" */ = {
			isa = XCConfigurationList;
			buildConfigurations = (
				D4C8F94D2BC6FA1A00133693 /* Debug */,
				D4C8F94E2BC6FA1A00133693 /* Release */,
			);
			defaultConfigurationIsVisible = 0;
			defaultConfigurationName = Release;
		};
/* End XCConfigurationList section */

/* Begin XCRemoteSwiftPackageReference section */
		D4D70DE52BC88F890065FCAC /* XCRemoteSwiftPackageReference "SamplePackage" */ = {
			isa = XCRemoteSwiftPackageReference;
			repositoryURL = "https://github.com/twostraws/SamplePackage";
			requirement = {
				kind = upToNextMajorVersion;
				minimumVersion = 1.0.0;
			};
		};
/* End XCRemoteSwiftPackageReference section */

/* Begin XCSwiftPackageProductDependency section */
		D4D70DE62BC88F890065FCAC /* SamplePackage */ = {
			isa = XCSwiftPackageProductDependency;
			package = D4D70DE52BC88F890065FCAC /* XCRemoteSwiftPackageReference "SamplePackage" */;
			productName = SamplePackage;
		};
/* End XCSwiftPackageProductDependency section */
	};
	rootObject = D4C8F9362BC6FA1800133693 /* Project object */;
}
